
Microsoft Visual Studio Solution File, Format Version 12.00
# Visual Studio Version 17
VisualStudioVersion = 17.8.34330.188
MinimumVisualStudioVersion = 10.0.40219.1
Project("{9A19103F-16F7-4668-BE54-9A1E7A4F7556}") = "TeaTimeDemo", "TeaTimeDemo\TeaTimeDemo.csproj", "{02DBA8DE-EF1F-42D3-BDE5-D0EDFD4A1EB5}"
EndProject
Project("{FAE04EC0-301F-11D3-BF4B-00C04F79EFBC}") = "TeaTimeDemo.DataAccess", "..\TeaTimeDemo.DataAccess\TeaTimeDemo.DataAccess.csproj", "{7340E776-A732-493E-B7F6-806981B6B983}"
EndProject
Project("{FAE04EC0-301F-11D3-BF4B-00C04F79EFBC}") = "TeaTimeDemo.Models", "TeaTimeDemo.Models\TeaTimeDemo.Models.csproj", "{7D88A484-1770-49A9-A1ED-616451733E70}"
EndProject
Project("{FAE04EC0-301F-11D3-BF4B-00C04F79EFBC}") = "TeaTimeDemo.Utility", "TeaTimeDemo.Utility\TeaTimeDemo.Utility.csproj", "{81538751-B92E-4C67-ACDE-53BF4E735476}"
EndProject
Global
	GlobalSection(SolutionConfigurationPlatforms) = preSolution
		Debug|Any CPU = Debug|Any CPU
		Release|Any CPU = Release|Any CPU
	EndGlobalSection
	GlobalSection(ProjectConfigurationPlatforms) = postSolution
		{02DBA8DE-EF1F-42D3-BDE5-D0EDFD4A1EB5}.Debug|Any CPU.ActiveCfg = Debug|Any CPU
		{02DBA8DE-EF1F-42D3-BDE5-D0EDFD4A1EB5}.Debug|Any CPU.Build.0 = Debug|Any CPU
		{02DBA8DE-EF1F-42D3-BDE5-D0EDFD4A1EB5}.Release|Any CPU.ActiveCfg = Release|Any CPU
		{02DBA8DE-EF1F-42D3-BDE5-D0EDFD4A1EB5}.Release|Any CPU.Build.0 = Release|Any CPU
		{7340E776-A732-493E-B7F6-806981B6B983}.Debug|Any CPU.ActiveCfg = Debug|Any CPU
		{7340E776-A732-493E-B7F6-806981B6B983}.Debug|Any CPU.Build.0 = Debug|Any CPU
		{7340E776-A732-493E-B7F6-806981B6B983}.Release|Any CPU.ActiveCfg = Release|Any CPU
		{7340E776-A732-493E-B7F6-806981B6B983}.Release|Any CPU.Build.0 = Release|Any CPU
		{7D88A484-1770-49A9-A1ED-616451733E70}.Debug|Any CPU.ActiveCfg = Debug|Any CPU
		{7D88A484-1770-49A9-A1ED-616451733E70}.Debug|Any CPU.Build.0 = Debug|Any CPU
		{7D88A484-1770-49A9-A1ED-616451733E70}.Release|Any CPU.ActiveCfg = Release|Any CPU
		{7D88A484-1770-49A9-A1ED-616451733E70}.Release|Any CPU.Build.0 = Release|Any CPU
		{81538751-B92E-4C67-ACDE-53BF4E735476}.Debug|Any CPU.ActiveCfg = Debug|Any CPU
		{81538751-B92E-4C67-ACDE-53BF4E735476}.Debug|Any CPU.Build.0 = Debug|Any CPU
		{81538751-B92E-4C67-ACDE-53BF4E735476}.Release|Any CPU.ActiveCfg = Release|Any CPU
		{81538751-B92E-4C67-ACDE-53BF4E735476}.Release|Any CPU.Build.0 = Release|Any CPU
	EndGlobalSection
	GlobalSection(SolutionProperties) = preSolution
		HideSolutionNode = FALSE
	EndGlobalSection
	GlobalSection(ExtensibilityGlobals) = postSolution
		SolutionGuid = {FF3C3BF1-562A-4AE1-8D51-8E1FAE349F18}
	EndGlobalSection
EndGlobal
